
Microsoft Visual Studio Solution File, Format Version 12.00
# Visual Studio Version 17
VisualStudioVersion = 17.2.32630.192
MinimumVisualStudioVersion = 10.0.40219.1
Project("{FAE04EC0-301F-11D3-BF4B-00C04F79EFBC}") = "ListeDisquesCompacts", "ListeDisquesCompacts\ListeDisquesCompacts.csproj", "{CC0801DC-D3DA-4FE1-828D-751D616C9D95}"
EndProject
Global
	GlobalSection(SolutionConfigurationPlatforms) = preSolution
		Debug|Any CPU = Debug|Any CPU
		Release|Any CPU = Release|Any CPU
	EndGlobalSection
	GlobalSection(ProjectConfigurationPlatforms) = postSolution
		{CC0801DC-D3DA-4FE1-828D-751D616C9D95}.Debug|Any CPU.ActiveCfg = Debug|Any CPU
		{CC0801DC-D3DA-4FE1-828D-751D616C9D95}.Debug|Any CPU.Build.0 = Debug|Any CPU
		{CC0801DC-D3DA-4FE1-828D-751D616C9D95}.Release|Any CPU.ActiveCfg = Release|Any CPU
		{CC0801DC-D3DA-4FE1-828D-751D616C9D95}.Release|Any CPU.Build.0 = Release|Any CPU
	EndGlobalSection
	GlobalSection(SolutionProperties) = preSolution
		HideSolutionNode = FALSE
	EndGlobalSection
	GlobalSection(ExtensibilityGlobals) = postSolution
		SolutionGuid = {A569C32F-04C7-46B6-AB51-D8A30782F2CF}
	EndGlobalSection
EndGlobal
